// !$*UTF8*$!
{
	archiveVersion = 1;
	classes = {
	};
	objectVersion = 55;
	objects = {

/* Begin PBXBuildFile section */
		506CA1E64669FE0853F40A90 /* libPods-Makgulli-MakgulliUITests.a in Frameworks */ = {isa = PBXBuildFile; fileRef = 1611F00CAC988DA4A2FFB986 /* libPods-Makgulli-MakgulliUITests.a */; };
		5A70BA332AC174E600506846 /* AppDelegate.swift in Sources */ = {isa = PBXBuildFile; fileRef = 5A70BA322AC174E600506846 /* AppDelegate.swift */; };
		5A70BA352AC174E600506846 /* SceneDelegate.swift in Sources */ = {isa = PBXBuildFile; fileRef = 5A70BA342AC174E600506846 /* SceneDelegate.swift */; };
		5A70BA3C2AC174EC00506846 /* Assets.xcassets in Resources */ = {isa = PBXBuildFile; fileRef = 5A70BA3B2AC174EC00506846 /* Assets.xcassets */; };
		5A70BA3F2AC174EC00506846 /* LaunchScreen.storyboard in Resources */ = {isa = PBXBuildFile; fileRef = 5A70BA3D2AC174EC00506846 /* LaunchScreen.storyboard */; };
		5A70BA4A2AC174EC00506846 /* MakgulliTests.swift in Sources */ = {isa = PBXBuildFile; fileRef = 5A70BA492AC174EC00506846 /* MakgulliTests.swift */; };
		5A70BA542AC174EC00506846 /* MakgulliUITests.swift in Sources */ = {isa = PBXBuildFile; fileRef = 5A70BA532AC174EC00506846 /* MakgulliUITests.swift */; };
		5A70BA562AC174EC00506846 /* MakgulliUITestsLaunchTests.swift in Sources */ = {isa = PBXBuildFile; fileRef = 5A70BA552AC174EC00506846 /* MakgulliUITestsLaunchTests.swift */; };
		5A70BA632AC1788E00506846 /* LocationViewController.swift in Sources */ = {isa = PBXBuildFile; fileRef = 5A70BA622AC1788E00506846 /* LocationViewController.swift */; };
		5A70BA662AC178E600506846 /* SnapKit in Frameworks */ = {isa = PBXBuildFile; productRef = 5A70BA652AC178E600506846 /* SnapKit */; };
		5A70BA692AC1795600506846 /* RxCocoa in Frameworks */ = {isa = PBXBuildFile; productRef = 5A70BA682AC1795600506846 /* RxCocoa */; };
		5A70BA6B2AC1795600506846 /* RxRelay in Frameworks */ = {isa = PBXBuildFile; productRef = 5A70BA6A2AC1795600506846 /* RxRelay */; };
		5A70BA6D2AC1795600506846 /* RxSwift in Frameworks */ = {isa = PBXBuildFile; productRef = 5A70BA6C2AC1795600506846 /* RxSwift */; };
		5A70BA702AC179A500506846 /* Realm in Frameworks */ = {isa = PBXBuildFile; productRef = 5A70BA6F2AC179A500506846 /* Realm */; };
		5A70BA722AC179A500506846 /* RealmSwift in Frameworks */ = {isa = PBXBuildFile; productRef = 5A70BA712AC179A500506846 /* RealmSwift */; };
		5A9DA1C82AC19119006040D2 /* Bundle+.swift in Sources */ = {isa = PBXBuildFile; fileRef = 5A9DA1C72AC19119006040D2 /* Bundle+.swift */; };
		5A9DA1CA2AC1920A006040D2 /* NaverMaps.plist in Resources */ = {isa = PBXBuildFile; fileRef = 5A9DA1C92AC1920A006040D2 /* NaverMaps.plist */; };
		5A9DA1CF2AC19A3F006040D2 /* LINESeedKR-Bd.otf in Resources */ = {isa = PBXBuildFile; fileRef = 5A9DA1CC2AC19A3F006040D2 /* LINESeedKR-Bd.otf */; };
		5A9DA1D02AC19A3F006040D2 /* LINESeedKR-Th.otf in Resources */ = {isa = PBXBuildFile; fileRef = 5A9DA1CD2AC19A3F006040D2 /* LINESeedKR-Th.otf */; };
		5A9DA1D12AC19A3F006040D2 /* LINESeedKR-Rg.otf in Resources */ = {isa = PBXBuildFile; fileRef = 5A9DA1CE2AC19A3F006040D2 /* LINESeedKR-Rg.otf */; };
		5A9DA1D32AC19AFB006040D2 /* UIFont+.swift in Sources */ = {isa = PBXBuildFile; fileRef = 5A9DA1D22AC19AFB006040D2 /* UIFont+.swift */; };
		5A9DA1D52AC19D30006040D2 /* UIColor+.swift in Sources */ = {isa = PBXBuildFile; fileRef = 5A9DA1D42AC19D30006040D2 /* UIColor+.swift */; };
		5A9DA1D82AC1A1F2006040D2 /* ImageLiteral.swift in Sources */ = {isa = PBXBuildFile; fileRef = 5A9DA1D72AC1A1F2006040D2 /* ImageLiteral.swift */; };
		5A9DA1DA2AC1A2AA006040D2 /* StringLiteral.swift in Sources */ = {isa = PBXBuildFile; fileRef = 5A9DA1D92AC1A2AA006040D2 /* StringLiteral.swift */; };
		5A9DA1DC2AC1A378006040D2 /* DesignLiteral.swift in Sources */ = {isa = PBXBuildFile; fileRef = 5A9DA1DB2AC1A378006040D2 /* DesignLiteral.swift */; };
		5A9DA1DE2AC1A393006040D2 /* MetricLiteral.swift in Sources */ = {isa = PBXBuildFile; fileRef = 5A9DA1DD2AC1A393006040D2 /* MetricLiteral.swift */; };
		5A9DA1E52AC2B4DF006040D2 /* Alamofire in Frameworks */ = {isa = PBXBuildFile; productRef = 5A9DA1E42AC2B4DF006040D2 /* Alamofire */; };
		5A9DA1E72AC2B4F2006040D2 /* TargetType.swift in Sources */ = {isa = PBXBuildFile; fileRef = 5A9DA1E62AC2B4F2006040D2 /* TargetType.swift */; };
		5A9DA1E92AC2B703006040D2 /* HeaderType.swift in Sources */ = {isa = PBXBuildFile; fileRef = 5A9DA1E82AC2B703006040D2 /* HeaderType.swift */; };
		5A9DA1EB2AC2B74B006040D2 /* Task.swift in Sources */ = {isa = PBXBuildFile; fileRef = 5A9DA1EA2AC2B74B006040D2 /* Task.swift */; };
		5A9DA1ED2AC2BBFE006040D2 /* URLConstants.swift in Sources */ = {isa = PBXBuildFile; fileRef = 5A9DA1EC2AC2BBFE006040D2 /* URLConstants.swift */; };
		5A9DA1EF2AC2C169006040D2 /* NetworkManager.swift in Sources */ = {isa = PBXBuildFile; fileRef = 5A9DA1EE2AC2C169006040D2 /* NetworkManager.swift */; };
		5A9DA1F22AC2F39C006040D2 /* SearchLocationDTO.swift in Sources */ = {isa = PBXBuildFile; fileRef = 5A9DA1F12AC2F39C006040D2 /* SearchLocationDTO.swift */; };
		5A9DA1F62AC2F51C006040D2 /* LocationAPI.swift in Sources */ = {isa = PBXBuildFile; fileRef = 5A9DA1F52AC2F51C006040D2 /* LocationAPI.swift */; };
		5A9DA1F92AC2F79D006040D2 /* SearchLocationReqeustDTO.swift in Sources */ = {isa = PBXBuildFile; fileRef = 5A9DA1F82AC2F79D006040D2 /* SearchLocationReqeustDTO.swift */; };
		5A9DA1FC2AC2FD00006040D2 /* DefaultSearchLocationRepository.swift in Sources */ = {isa = PBXBuildFile; fileRef = 5A9DA1FB2AC2FD00006040D2 /* DefaultSearchLocationRepository.swift */; };
		5A9DA1FE2AC3B070006040D2 /* Encodable+.swift in Sources */ = {isa = PBXBuildFile; fileRef = 5A9DA1FD2AC3B070006040D2 /* Encodable+.swift */; };
		5A9DA2012AC3C227006040D2 /* SearchLocationVO.swift in Sources */ = {isa = PBXBuildFile; fileRef = 5A9DA2002AC3C227006040D2 /* SearchLocationVO.swift */; };
		5A9DA2052AC3CABB006040D2 /* LocationUseCase.swift in Sources */ = {isa = PBXBuildFile; fileRef = 5A9DA2042AC3CABB006040D2 /* LocationUseCase.swift */; };
		5A9DA2072AC3CC7F006040D2 /* SearchLocationUseCase.swift in Sources */ = {isa = PBXBuildFile; fileRef = 5A9DA2062AC3CC7F006040D2 /* SearchLocationUseCase.swift */; };
		5A9DA20A2AC3CE9F006040D2 /* SearchLocationRepository.swift in Sources */ = {isa = PBXBuildFile; fileRef = 5A9DA2092AC3CE9F006040D2 /* SearchLocationRepository.swift */; };
		5A9DA20C2AC3D6E5006040D2 /* LocationViewModel.swift in Sources */ = {isa = PBXBuildFile; fileRef = 5A9DA20B2AC3D6E5006040D2 /* LocationViewModel.swift */; };
		5A9DA20F2AC3D739006040D2 /* ViewModelType.swift in Sources */ = {isa = PBXBuildFile; fileRef = 5A9DA20E2AC3D739006040D2 /* ViewModelType.swift */; };
		5A9DA2122AC3DB5E006040D2 /* RxViewController+.swift in Sources */ = {isa = PBXBuildFile; fileRef = 5A9DA2112AC3DB5E006040D2 /* RxViewController+.swift */; };
		5A9DA2142AC3DD0D006040D2 /* KakaoAPIKey.plist in Resources */ = {isa = PBXBuildFile; fileRef = 5A9DA2132AC3DD0D006040D2 /* KakaoAPIKey.plist */; };
		5A9DA2172AC3F629006040D2 /* LocationService.swift in Sources */ = {isa = PBXBuildFile; fileRef = 5A9DA2162AC3F629006040D2 /* LocationService.swift */; };
		5A9DA21A2AC415C5006040D2 /* BaseViewController.swift in Sources */ = {isa = PBXBuildFile; fileRef = 5A9DA2192AC415C5006040D2 /* BaseViewController.swift */; };
		5A9DA21C2AC415EF006040D2 /* ViewSetupable.swift in Sources */ = {isa = PBXBuildFile; fileRef = 5A9DA21B2AC415EF006040D2 /* ViewSetupable.swift */; };
		5A9DA21E2AC419D5006040D2 /* LocationView.swift in Sources */ = {isa = PBXBuildFile; fileRef = 5A9DA21D2AC419D5006040D2 /* LocationView.swift */; };
		5A9DA2202AC41A19006040D2 /* BaseView.swift in Sources */ = {isa = PBXBuildFile; fileRef = 5A9DA21F2AC41A19006040D2 /* BaseView.swift */; };
		97E4E67B233AA4926A368385 /* libPods-MakgulliTests.a in Frameworks */ = {isa = PBXBuildFile; fileRef = C6D596DBBF462B7A2EB0ABAA /* libPods-MakgulliTests.a */; };
		D5B862DDBE4105DA235A3EDC /* libPods-Makgulli.a in Frameworks */ = {isa = PBXBuildFile; fileRef = B35E14DFFC9313A7EEBC2771 /* libPods-Makgulli.a */; };
/* End PBXBuildFile section */

/* Begin PBXContainerItemProxy section */
		5A70BA462AC174EC00506846 /* PBXContainerItemProxy */ = {
			isa = PBXContainerItemProxy;
			containerPortal = 5A70BA272AC174E600506846 /* Project object */;
			proxyType = 1;
			remoteGlobalIDString = 5A70BA2E2AC174E600506846;
			remoteInfo = Makgulli;
		};
		5A70BA502AC174EC00506846 /* PBXContainerItemProxy */ = {
			isa = PBXContainerItemProxy;
			containerPortal = 5A70BA272AC174E600506846 /* Project object */;
			proxyType = 1;
			remoteGlobalIDString = 5A70BA2E2AC174E600506846;
			remoteInfo = Makgulli;
		};
/* End PBXContainerItemProxy section */

/* Begin PBXFileReference section */
		1611F00CAC988DA4A2FFB986 /* libPods-Makgulli-MakgulliUITests.a */ = {isa = PBXFileReference; explicitFileType = archive.ar; includeInIndex = 0; path = "libPods-Makgulli-MakgulliUITests.a"; sourceTree = BUILT_PRODUCTS_DIR; };
		463D854F776FDADD2658D9BD /* Pods-Makgulli.release.xcconfig */ = {isa = PBXFileReference; includeInIndex = 1; lastKnownFileType = text.xcconfig; name = "Pods-Makgulli.release.xcconfig"; path = "Target Support Files/Pods-Makgulli/Pods-Makgulli.release.xcconfig"; sourceTree = "<group>"; };
		51419F2996E3155D102018C3 /* Pods-MakgulliTests.release.xcconfig */ = {isa = PBXFileReference; includeInIndex = 1; lastKnownFileType = text.xcconfig; name = "Pods-MakgulliTests.release.xcconfig"; path = "Target Support Files/Pods-MakgulliTests/Pods-MakgulliTests.release.xcconfig"; sourceTree = "<group>"; };
		5A70BA2F2AC174E600506846 /* Makgulli.app */ = {isa = PBXFileReference; explicitFileType = wrapper.application; includeInIndex = 0; path = Makgulli.app; sourceTree = BUILT_PRODUCTS_DIR; };
		5A70BA322AC174E600506846 /* AppDelegate.swift */ = {isa = PBXFileReference; lastKnownFileType = sourcecode.swift; path = AppDelegate.swift; sourceTree = "<group>"; };
		5A70BA342AC174E600506846 /* SceneDelegate.swift */ = {isa = PBXFileReference; lastKnownFileType = sourcecode.swift; path = SceneDelegate.swift; sourceTree = "<group>"; };
		5A70BA3B2AC174EC00506846 /* Assets.xcassets */ = {isa = PBXFileReference; lastKnownFileType = folder.assetcatalog; path = Assets.xcassets; sourceTree = "<group>"; };
		5A70BA3E2AC174EC00506846 /* Base */ = {isa = PBXFileReference; lastKnownFileType = file.storyboard; name = Base; path = Base.lproj/LaunchScreen.storyboard; sourceTree = "<group>"; };
		5A70BA402AC174EC00506846 /* Info.plist */ = {isa = PBXFileReference; lastKnownFileType = text.plist.xml; path = Info.plist; sourceTree = "<group>"; };
		5A70BA452AC174EC00506846 /* MakgulliTests.xctest */ = {isa = PBXFileReference; explicitFileType = wrapper.cfbundle; includeInIndex = 0; path = MakgulliTests.xctest; sourceTree = BUILT_PRODUCTS_DIR; };
		5A70BA492AC174EC00506846 /* MakgulliTests.swift */ = {isa = PBXFileReference; lastKnownFileType = sourcecode.swift; path = MakgulliTests.swift; sourceTree = "<group>"; };
		5A70BA4F2AC174EC00506846 /* MakgulliUITests.xctest */ = {isa = PBXFileReference; explicitFileType = wrapper.cfbundle; includeInIndex = 0; path = MakgulliUITests.xctest; sourceTree = BUILT_PRODUCTS_DIR; };
		5A70BA532AC174EC00506846 /* MakgulliUITests.swift */ = {isa = PBXFileReference; lastKnownFileType = sourcecode.swift; path = MakgulliUITests.swift; sourceTree = "<group>"; };
		5A70BA552AC174EC00506846 /* MakgulliUITestsLaunchTests.swift */ = {isa = PBXFileReference; lastKnownFileType = sourcecode.swift; path = MakgulliUITestsLaunchTests.swift; sourceTree = "<group>"; };
		5A70BA622AC1788E00506846 /* LocationViewController.swift */ = {isa = PBXFileReference; lastKnownFileType = sourcecode.swift; path = LocationViewController.swift; sourceTree = "<group>"; };
		5A9DA1C72AC19119006040D2 /* Bundle+.swift */ = {isa = PBXFileReference; lastKnownFileType = sourcecode.swift; path = "Bundle+.swift"; sourceTree = "<group>"; };
		5A9DA1C92AC1920A006040D2 /* NaverMaps.plist */ = {isa = PBXFileReference; lastKnownFileType = text.plist.xml; path = NaverMaps.plist; sourceTree = "<group>"; };
		5A9DA1CC2AC19A3F006040D2 /* LINESeedKR-Bd.otf */ = {isa = PBXFileReference; lastKnownFileType = file; name = "LINESeedKR-Bd.otf"; path = "../../../../../../../Downloads/LINE_Seed_Sans_KR 2/OTF/LINESeedKR-Bd.otf"; sourceTree = "<group>"; };
		5A9DA1CD2AC19A3F006040D2 /* LINESeedKR-Th.otf */ = {isa = PBXFileReference; lastKnownFileType = file; name = "LINESeedKR-Th.otf"; path = "../../../../../../../Downloads/LINE_Seed_Sans_KR 2/OTF/LINESeedKR-Th.otf"; sourceTree = "<group>"; };
		5A9DA1CE2AC19A3F006040D2 /* LINESeedKR-Rg.otf */ = {isa = PBXFileReference; lastKnownFileType = file; name = "LINESeedKR-Rg.otf"; path = "../../../../../../../Downloads/LINE_Seed_Sans_KR 2/OTF/LINESeedKR-Rg.otf"; sourceTree = "<group>"; };
		5A9DA1D22AC19AFB006040D2 /* UIFont+.swift */ = {isa = PBXFileReference; lastKnownFileType = sourcecode.swift; path = "UIFont+.swift"; sourceTree = "<group>"; };
		5A9DA1D42AC19D30006040D2 /* UIColor+.swift */ = {isa = PBXFileReference; lastKnownFileType = sourcecode.swift; path = "UIColor+.swift"; sourceTree = "<group>"; };
		5A9DA1D72AC1A1F2006040D2 /* ImageLiteral.swift */ = {isa = PBXFileReference; lastKnownFileType = sourcecode.swift; path = ImageLiteral.swift; sourceTree = "<group>"; };
		5A9DA1D92AC1A2AA006040D2 /* StringLiteral.swift */ = {isa = PBXFileReference; lastKnownFileType = sourcecode.swift; path = StringLiteral.swift; sourceTree = "<group>"; };
		5A9DA1DB2AC1A378006040D2 /* DesignLiteral.swift */ = {isa = PBXFileReference; lastKnownFileType = sourcecode.swift; path = DesignLiteral.swift; sourceTree = "<group>"; };
		5A9DA1DD2AC1A393006040D2 /* MetricLiteral.swift */ = {isa = PBXFileReference; lastKnownFileType = sourcecode.swift; path = MetricLiteral.swift; sourceTree = "<group>"; };
		5A9DA1E62AC2B4F2006040D2 /* TargetType.swift */ = {isa = PBXFileReference; lastKnownFileType = sourcecode.swift; path = TargetType.swift; sourceTree = "<group>"; };
		5A9DA1E82AC2B703006040D2 /* HeaderType.swift */ = {isa = PBXFileReference; lastKnownFileType = sourcecode.swift; path = HeaderType.swift; sourceTree = "<group>"; };
		5A9DA1EA2AC2B74B006040D2 /* Task.swift */ = {isa = PBXFileReference; lastKnownFileType = sourcecode.swift; path = Task.swift; sourceTree = "<group>"; };
		5A9DA1EC2AC2BBFE006040D2 /* URLConstants.swift */ = {isa = PBXFileReference; lastKnownFileType = sourcecode.swift; path = URLConstants.swift; sourceTree = "<group>"; };
		5A9DA1EE2AC2C169006040D2 /* NetworkManager.swift */ = {isa = PBXFileReference; lastKnownFileType = sourcecode.swift; path = NetworkManager.swift; sourceTree = "<group>"; };
		5A9DA1F12AC2F39C006040D2 /* SearchLocationDTO.swift */ = {isa = PBXFileReference; lastKnownFileType = sourcecode.swift; path = SearchLocationDTO.swift; sourceTree = "<group>"; };
		5A9DA1F52AC2F51C006040D2 /* LocationAPI.swift */ = {isa = PBXFileReference; lastKnownFileType = sourcecode.swift; path = LocationAPI.swift; sourceTree = "<group>"; };
		5A9DA1F82AC2F79D006040D2 /* SearchLocationReqeustDTO.swift */ = {isa = PBXFileReference; lastKnownFileType = sourcecode.swift; path = SearchLocationReqeustDTO.swift; sourceTree = "<group>"; };
		5A9DA1FB2AC2FD00006040D2 /* DefaultSearchLocationRepository.swift */ = {isa = PBXFileReference; lastKnownFileType = sourcecode.swift; path = DefaultSearchLocationRepository.swift; sourceTree = "<group>"; };
		5A9DA1FD2AC3B070006040D2 /* Encodable+.swift */ = {isa = PBXFileReference; lastKnownFileType = sourcecode.swift; path = "Encodable+.swift"; sourceTree = "<group>"; };
		5A9DA2002AC3C227006040D2 /* SearchLocationVO.swift */ = {isa = PBXFileReference; lastKnownFileType = sourcecode.swift; path = SearchLocationVO.swift; sourceTree = "<group>"; };
		5A9DA2042AC3CABB006040D2 /* LocationUseCase.swift */ = {isa = PBXFileReference; lastKnownFileType = sourcecode.swift; path = LocationUseCase.swift; sourceTree = "<group>"; };
		5A9DA2062AC3CC7F006040D2 /* SearchLocationUseCase.swift */ = {isa = PBXFileReference; lastKnownFileType = sourcecode.swift; path = SearchLocationUseCase.swift; sourceTree = "<group>"; };
		5A9DA2092AC3CE9F006040D2 /* SearchLocationRepository.swift */ = {isa = PBXFileReference; lastKnownFileType = sourcecode.swift; path = SearchLocationRepository.swift; sourceTree = "<group>"; };
		5A9DA20B2AC3D6E5006040D2 /* LocationViewModel.swift */ = {isa = PBXFileReference; lastKnownFileType = sourcecode.swift; path = LocationViewModel.swift; sourceTree = "<group>"; };
		5A9DA20E2AC3D739006040D2 /* ViewModelType.swift */ = {isa = PBXFileReference; lastKnownFileType = sourcecode.swift; path = ViewModelType.swift; sourceTree = "<group>"; };
		5A9DA2112AC3DB5E006040D2 /* RxViewController+.swift */ = {isa = PBXFileReference; lastKnownFileType = sourcecode.swift; path = "RxViewController+.swift"; sourceTree = "<group>"; };
		5A9DA2132AC3DD0D006040D2 /* KakaoAPIKey.plist */ = {isa = PBXFileReference; lastKnownFileType = text.plist.xml; path = KakaoAPIKey.plist; sourceTree = "<group>"; };
		5A9DA2162AC3F629006040D2 /* LocationService.swift */ = {isa = PBXFileReference; lastKnownFileType = sourcecode.swift; path = LocationService.swift; sourceTree = "<group>"; };
		5A9DA2192AC415C5006040D2 /* BaseViewController.swift */ = {isa = PBXFileReference; lastKnownFileType = sourcecode.swift; path = BaseViewController.swift; sourceTree = "<group>"; };
		5A9DA21B2AC415EF006040D2 /* ViewSetupable.swift */ = {isa = PBXFileReference; lastKnownFileType = sourcecode.swift; path = ViewSetupable.swift; sourceTree = "<group>"; };
		5A9DA21D2AC419D5006040D2 /* LocationView.swift */ = {isa = PBXFileReference; lastKnownFileType = sourcecode.swift; path = LocationView.swift; sourceTree = "<group>"; };
		5A9DA21F2AC41A19006040D2 /* BaseView.swift */ = {isa = PBXFileReference; lastKnownFileType = sourcecode.swift; path = BaseView.swift; sourceTree = "<group>"; };
		629FCF6A48EC74CD51475DBD /* Pods-Makgulli-MakgulliUITests.release.xcconfig */ = {isa = PBXFileReference; includeInIndex = 1; lastKnownFileType = text.xcconfig; name = "Pods-Makgulli-MakgulliUITests.release.xcconfig"; path = "Target Support Files/Pods-Makgulli-MakgulliUITests/Pods-Makgulli-MakgulliUITests.release.xcconfig"; sourceTree = "<group>"; };
		7713D3C968EC5B7EA1CAC4B4 /* Pods-Makgulli-MakgulliUITests.debug.xcconfig */ = {isa = PBXFileReference; includeInIndex = 1; lastKnownFileType = text.xcconfig; name = "Pods-Makgulli-MakgulliUITests.debug.xcconfig"; path = "Target Support Files/Pods-Makgulli-MakgulliUITests/Pods-Makgulli-MakgulliUITests.debug.xcconfig"; sourceTree = "<group>"; };
		B35E14DFFC9313A7EEBC2771 /* libPods-Makgulli.a */ = {isa = PBXFileReference; explicitFileType = archive.ar; includeInIndex = 0; path = "libPods-Makgulli.a"; sourceTree = BUILT_PRODUCTS_DIR; };
		C6D596DBBF462B7A2EB0ABAA /* libPods-MakgulliTests.a */ = {isa = PBXFileReference; explicitFileType = archive.ar; includeInIndex = 0; path = "libPods-MakgulliTests.a"; sourceTree = BUILT_PRODUCTS_DIR; };
		E264EB7DCC1E4513F31412DC /* Pods-MakgulliTests.debug.xcconfig */ = {isa = PBXFileReference; includeInIndex = 1; lastKnownFileType = text.xcconfig; name = "Pods-MakgulliTests.debug.xcconfig"; path = "Target Support Files/Pods-MakgulliTests/Pods-MakgulliTests.debug.xcconfig"; sourceTree = "<group>"; };
		F42A819738E82936BB69AC5F /* Pods-Makgulli.debug.xcconfig */ = {isa = PBXFileReference; includeInIndex = 1; lastKnownFileType = text.xcconfig; name = "Pods-Makgulli.debug.xcconfig"; path = "Target Support Files/Pods-Makgulli/Pods-Makgulli.debug.xcconfig"; sourceTree = "<group>"; };
/* End PBXFileReference section */

/* Begin PBXFrameworksBuildPhase section */
		5A70BA2C2AC174E600506846 /* Frameworks */ = {
			isa = PBXFrameworksBuildPhase;
			buildActionMask = 2147483647;
			files = (
				5A70BA722AC179A500506846 /* RealmSwift in Frameworks */,
				5A9DA1E52AC2B4DF006040D2 /* Alamofire in Frameworks */,
				5A70BA6B2AC1795600506846 /* RxRelay in Frameworks */,
				5A70BA692AC1795600506846 /* RxCocoa in Frameworks */,
				5A70BA6D2AC1795600506846 /* RxSwift in Frameworks */,
				5A70BA662AC178E600506846 /* SnapKit in Frameworks */,
				5A70BA702AC179A500506846 /* Realm in Frameworks */,
				D5B862DDBE4105DA235A3EDC /* libPods-Makgulli.a in Frameworks */,
			);
			runOnlyForDeploymentPostprocessing = 0;
		};
		5A70BA422AC174EC00506846 /* Frameworks */ = {
			isa = PBXFrameworksBuildPhase;
			buildActionMask = 2147483647;
			files = (
				97E4E67B233AA4926A368385 /* libPods-MakgulliTests.a in Frameworks */,
			);
			runOnlyForDeploymentPostprocessing = 0;
		};
		5A70BA4C2AC174EC00506846 /* Frameworks */ = {
			isa = PBXFrameworksBuildPhase;
			buildActionMask = 2147483647;
			files = (
				506CA1E64669FE0853F40A90 /* libPods-Makgulli-MakgulliUITests.a in Frameworks */,
			);
			runOnlyForDeploymentPostprocessing = 0;
		};
/* End PBXFrameworksBuildPhase section */

/* Begin PBXGroup section */
		0C90E139FD36705BE1388911 /* Pods */ = {
			isa = PBXGroup;
			children = (
				F42A819738E82936BB69AC5F /* Pods-Makgulli.debug.xcconfig */,
				463D854F776FDADD2658D9BD /* Pods-Makgulli.release.xcconfig */,
				7713D3C968EC5B7EA1CAC4B4 /* Pods-Makgulli-MakgulliUITests.debug.xcconfig */,
				629FCF6A48EC74CD51475DBD /* Pods-Makgulli-MakgulliUITests.release.xcconfig */,
				E264EB7DCC1E4513F31412DC /* Pods-MakgulliTests.debug.xcconfig */,
				51419F2996E3155D102018C3 /* Pods-MakgulliTests.release.xcconfig */,
			);
			path = Pods;
			sourceTree = "<group>";
		};
		5A70BA262AC174E600506846 = {
			isa = PBXGroup;
			children = (
				5A70BA312AC174E600506846 /* Makgulli */,
				5A70BA482AC174EC00506846 /* MakgulliTests */,
				5A70BA522AC174EC00506846 /* MakgulliUITests */,
				5A70BA302AC174E600506846 /* Products */,
				0C90E139FD36705BE1388911 /* Pods */,
				64AEBEDA30B71C9D4154194F /* Frameworks */,
			);
			sourceTree = "<group>";
		};
		5A70BA302AC174E600506846 /* Products */ = {
			isa = PBXGroup;
			children = (
				5A70BA2F2AC174E600506846 /* Makgulli.app */,
				5A70BA452AC174EC00506846 /* MakgulliTests.xctest */,
				5A70BA4F2AC174EC00506846 /* MakgulliUITests.xctest */,
			);
			name = Products;
			sourceTree = "<group>";
		};
		5A70BA312AC174E600506846 /* Makgulli */ = {
			isa = PBXGroup;
			children = (
				5A9DA1C02AC18F9D006040D2 /* Application */,
				5A9DA1C32AC1903D006040D2 /* Common */,
				5A9DA1C12AC19030006040D2 /* Data */,
				5A9DA1C22AC19035006040D2 /* Domain */,
				5A9DA1C42AC19050006040D2 /* Presentation */,
			);
			path = Makgulli;
			sourceTree = "<group>";
		};
		5A70BA482AC174EC00506846 /* MakgulliTests */ = {
			isa = PBXGroup;
			children = (
				5A70BA492AC174EC00506846 /* MakgulliTests.swift */,
			);
			path = MakgulliTests;
			sourceTree = "<group>";
		};
		5A70BA522AC174EC00506846 /* MakgulliUITests */ = {
			isa = PBXGroup;
			children = (
				5A70BA532AC174EC00506846 /* MakgulliUITests.swift */,
				5A70BA552AC174EC00506846 /* MakgulliUITestsLaunchTests.swift */,
			);
			path = MakgulliUITests;
			sourceTree = "<group>";
		};
		5A9DA1C02AC18F9D006040D2 /* Application */ = {
			isa = PBXGroup;
			children = (
				5A70BA322AC174E600506846 /* AppDelegate.swift */,
				5A70BA342AC174E600506846 /* SceneDelegate.swift */,
			);
			path = Application;
			sourceTree = "<group>";
		};
		5A9DA1C12AC19030006040D2 /* Data */ = {
			isa = PBXGroup;
			children = (
				5A9DA1FA2AC2FCB4006040D2 /* Repositories */,
				5A9DA1F02AC2F378006040D2 /* DTO+Mapping */,
				5A9DA1DF2AC1B0E7006040D2 /* Network */,
			);
			path = Data;
			sourceTree = "<group>";
		};
		5A9DA1C22AC19035006040D2 /* Domain */ = {
			isa = PBXGroup;
			children = (
				5A9DA2082AC3CE64006040D2 /* RepositoryInterface */,
				5A9DA2022AC3C44B006040D2 /* UseCase */,
				5A9DA1FF2AC3C214006040D2 /* VO */,
				5A9DA1F72AC2F760006040D2 /* Request */,
			);
			path = Domain;
			sourceTree = "<group>";
		};
		5A9DA1C32AC1903D006040D2 /* Common */ = {
			isa = PBXGroup;
			children = (
				5A9DA2182AC415B7006040D2 /* Base */,
				5A9DA2152AC3F613006040D2 /* Service */,
				5A9DA20D2AC3D72A006040D2 /* Protocal */,
				5A9DA1D62AC1A1D8006040D2 /* Literal */,
				5A9DA1C62AC19106006040D2 /* Extension */,
				5A9DA1C52AC1909C006040D2 /* Resource */,
			);
			path = Common;
			sourceTree = "<group>";
		};
		5A9DA1C42AC19050006040D2 /* Presentation */ = {
			isa = PBXGroup;
			children = (
				5A9DA21D2AC419D5006040D2 /* LocationView.swift */,
				5A70BA622AC1788E00506846 /* LocationViewController.swift */,
				5A9DA20B2AC3D6E5006040D2 /* LocationViewModel.swift */,
			);
			path = Presentation;
			sourceTree = "<group>";
		};
		5A9DA1C52AC1909C006040D2 /* Resource */ = {
			isa = PBXGroup;
			children = (
				5A9DA1CB2AC19A22006040D2 /* Font */,
				5A70BA3B2AC174EC00506846 /* Assets.xcassets */,
				5A70BA3D2AC174EC00506846 /* LaunchScreen.storyboard */,
				5A70BA402AC174EC00506846 /* Info.plist */,
				5A9DA1C92AC1920A006040D2 /* NaverMaps.plist */,
				5A9DA2132AC3DD0D006040D2 /* KakaoAPIKey.plist */,
			);
			path = Resource;
			sourceTree = "<group>";
		};
		5A9DA1C62AC19106006040D2 /* Extension */ = {
			isa = PBXGroup;
			children = (
				5A9DA2102AC3DB56006040D2 /* Rx */,
				5A9DA1C72AC19119006040D2 /* Bundle+.swift */,
				5A9DA1D22AC19AFB006040D2 /* UIFont+.swift */,
				5A9DA1D42AC19D30006040D2 /* UIColor+.swift */,
				5A9DA1FD2AC3B070006040D2 /* Encodable+.swift */,
			);
			path = Extension;
			sourceTree = "<group>";
		};
		5A9DA1CB2AC19A22006040D2 /* Font */ = {
			isa = PBXGroup;
			children = (
				5A9DA1CC2AC19A3F006040D2 /* LINESeedKR-Bd.otf */,
				5A9DA1CE2AC19A3F006040D2 /* LINESeedKR-Rg.otf */,
				5A9DA1CD2AC19A3F006040D2 /* LINESeedKR-Th.otf */,
			);
			path = Font;
			sourceTree = "<group>";
		};
		5A9DA1D62AC1A1D8006040D2 /* Literal */ = {
			isa = PBXGroup;
			children = (
				5A9DA1D72AC1A1F2006040D2 /* ImageLiteral.swift */,
				5A9DA1D92AC1A2AA006040D2 /* StringLiteral.swift */,
				5A9DA1DB2AC1A378006040D2 /* DesignLiteral.swift */,
				5A9DA1DD2AC1A393006040D2 /* MetricLiteral.swift */,
			);
			path = Literal;
			sourceTree = "<group>";
		};
		5A9DA1DF2AC1B0E7006040D2 /* Network */ = {
			isa = PBXGroup;
			children = (
				5A9DA1F32AC2F44D006040D2 /* API */,
				5A9DA1E02AC1B0EF006040D2 /* Foundation */,
			);
			path = Network;
			sourceTree = "<group>";
		};
		5A9DA1E02AC1B0EF006040D2 /* Foundation */ = {
			isa = PBXGroup;
			children = (
				5A9DA1E62AC2B4F2006040D2 /* TargetType.swift */,
				5A9DA1E82AC2B703006040D2 /* HeaderType.swift */,
				5A9DA1EA2AC2B74B006040D2 /* Task.swift */,
				5A9DA1EC2AC2BBFE006040D2 /* URLConstants.swift */,
				5A9DA1EE2AC2C169006040D2 /* NetworkManager.swift */,
			);
			path = Foundation;
			sourceTree = "<group>";
		};
		5A9DA1F02AC2F378006040D2 /* DTO+Mapping */ = {
			isa = PBXGroup;
			children = (
				5A9DA1F12AC2F39C006040D2 /* SearchLocationDTO.swift */,
			);
			path = "DTO+Mapping";
			sourceTree = "<group>";
		};
		5A9DA1F32AC2F44D006040D2 /* API */ = {
			isa = PBXGroup;
			children = (
				5A9DA1F52AC2F51C006040D2 /* LocationAPI.swift */,
			);
			path = API;
			sourceTree = "<group>";
		};
		5A9DA1F72AC2F760006040D2 /* Request */ = {
			isa = PBXGroup;
			children = (
				5A9DA1F82AC2F79D006040D2 /* SearchLocationReqeustDTO.swift */,
			);
			path = Request;
			sourceTree = "<group>";
		};
		5A9DA1FA2AC2FCB4006040D2 /* Repositories */ = {
			isa = PBXGroup;
			children = (
				5A9DA1FB2AC2FD00006040D2 /* DefaultSearchLocationRepository.swift */,
			);
			path = Repositories;
			sourceTree = "<group>";
		};
		5A9DA1FF2AC3C214006040D2 /* VO */ = {
			isa = PBXGroup;
			children = (
				5A9DA2002AC3C227006040D2 /* SearchLocationVO.swift */,
			);
			path = VO;
			sourceTree = "<group>";
		};
		5A9DA2022AC3C44B006040D2 /* UseCase */ = {
			isa = PBXGroup;
			children = (
				5A9DA2032AC3C6AC006040D2 /* Location */,
			);
			path = UseCase;
			sourceTree = "<group>";
		};
		5A9DA2032AC3C6AC006040D2 /* Location */ = {
			isa = PBXGroup;
			children = (
				5A9DA2042AC3CABB006040D2 /* LocationUseCase.swift */,
				5A9DA2062AC3CC7F006040D2 /* SearchLocationUseCase.swift */,
			);
			path = Location;
			sourceTree = "<group>";
		};
		5A9DA2082AC3CE64006040D2 /* RepositoryInterface */ = {
			isa = PBXGroup;
			children = (
				5A9DA2092AC3CE9F006040D2 /* SearchLocationRepository.swift */,
			);
			path = RepositoryInterface;
			sourceTree = "<group>";
		};
		5A9DA20D2AC3D72A006040D2 /* Protocal */ = {
			isa = PBXGroup;
			children = (
				5A9DA20E2AC3D739006040D2 /* ViewModelType.swift */,
				5A9DA21B2AC415EF006040D2 /* ViewSetupable.swift */,
			);
			path = Protocal;
			sourceTree = "<group>";
		};
		5A9DA2102AC3DB56006040D2 /* Rx */ = {
			isa = PBXGroup;
			children = (
				5A9DA2112AC3DB5E006040D2 /* RxViewController+.swift */,
			);
			path = Rx;
			sourceTree = "<group>";
		};
		5A9DA2152AC3F613006040D2 /* Service */ = {
			isa = PBXGroup;
			children = (
				5A9DA2162AC3F629006040D2 /* LocationService.swift */,
			);
			path = Service;
			sourceTree = "<group>";
		};
		5A9DA2182AC415B7006040D2 /* Base */ = {
			isa = PBXGroup;
			children = (
				5A9DA2192AC415C5006040D2 /* BaseViewController.swift */,
				5A9DA21F2AC41A19006040D2 /* BaseView.swift */,
			);
			path = Base;
			sourceTree = "<group>";
		};
		64AEBEDA30B71C9D4154194F /* Frameworks */ = {
			isa = PBXGroup;
			children = (
				B35E14DFFC9313A7EEBC2771 /* libPods-Makgulli.a */,
				1611F00CAC988DA4A2FFB986 /* libPods-Makgulli-MakgulliUITests.a */,
				C6D596DBBF462B7A2EB0ABAA /* libPods-MakgulliTests.a */,
			);
			name = Frameworks;
			sourceTree = "<group>";
		};
/* End PBXGroup section */

/* Begin PBXNativeTarget section */
		5A70BA2E2AC174E600506846 /* Makgulli */ = {
			isa = PBXNativeTarget;
			buildConfigurationList = 5A70BA592AC174EC00506846 /* Build configuration list for PBXNativeTarget "Makgulli" */;
			buildPhases = (
				5B67162CB0DB09E678549152 /* [CP] Check Pods Manifest.lock */,
				5A70BA2B2AC174E600506846 /* Sources */,
				5A70BA2C2AC174E600506846 /* Frameworks */,
				5A70BA2D2AC174E600506846 /* Resources */,
				E889CEAF9F61E3A48B4D8D69 /* [CP] Embed Pods Frameworks */,
			);
			buildRules = (
			);
			dependencies = (
			);
			name = Makgulli;
			packageProductDependencies = (
				5A70BA652AC178E600506846 /* SnapKit */,
				5A70BA682AC1795600506846 /* RxCocoa */,
				5A70BA6A2AC1795600506846 /* RxRelay */,
				5A70BA6C2AC1795600506846 /* RxSwift */,
				5A70BA6F2AC179A500506846 /* Realm */,
				5A70BA712AC179A500506846 /* RealmSwift */,
				5A9DA1E42AC2B4DF006040D2 /* Alamofire */,
			);
			productName = Makgulli;
			productReference = 5A70BA2F2AC174E600506846 /* Makgulli.app */;
			productType = "com.apple.product-type.application";
		};
		5A70BA442AC174EC00506846 /* MakgulliTests */ = {
			isa = PBXNativeTarget;
			buildConfigurationList = 5A70BA5C2AC174EC00506846 /* Build configuration list for PBXNativeTarget "MakgulliTests" */;
			buildPhases = (
				2F322F6F8F340F83E52FA724 /* [CP] Check Pods Manifest.lock */,
				5A70BA412AC174EC00506846 /* Sources */,
				5A70BA422AC174EC00506846 /* Frameworks */,
				5A70BA432AC174EC00506846 /* Resources */,
			);
			buildRules = (
			);
			dependencies = (
				5A70BA472AC174EC00506846 /* PBXTargetDependency */,
			);
			name = MakgulliTests;
			productName = MakgulliTests;
			productReference = 5A70BA452AC174EC00506846 /* MakgulliTests.xctest */;
			productType = "com.apple.product-type.bundle.unit-test";
		};
		5A70BA4E2AC174EC00506846 /* MakgulliUITests */ = {
			isa = PBXNativeTarget;
			buildConfigurationList = 5A70BA5F2AC174EC00506846 /* Build configuration list for PBXNativeTarget "MakgulliUITests" */;
			buildPhases = (
				C984B1E4B13FB59DB3836549 /* [CP] Check Pods Manifest.lock */,
				5A70BA4B2AC174EC00506846 /* Sources */,
				5A70BA4C2AC174EC00506846 /* Frameworks */,
				5A70BA4D2AC174EC00506846 /* Resources */,
				5D35DDBE5F5506EB25744EEF /* [CP] Embed Pods Frameworks */,
			);
			buildRules = (
			);
			dependencies = (
				5A70BA512AC174EC00506846 /* PBXTargetDependency */,
			);
			name = MakgulliUITests;
			productName = MakgulliUITests;
			productReference = 5A70BA4F2AC174EC00506846 /* MakgulliUITests.xctest */;
			productType = "com.apple.product-type.bundle.ui-testing";
		};
/* End PBXNativeTarget section */

/* Begin PBXProject section */
		5A70BA272AC174E600506846 /* Project object */ = {
			isa = PBXProject;
			attributes = {
				BuildIndependentTargetsInParallel = 1;
				LastSwiftUpdateCheck = 1430;
				LastUpgradeCheck = 1430;
				TargetAttributes = {
					5A70BA2E2AC174E600506846 = {
						CreatedOnToolsVersion = 14.3.1;
					};
					5A70BA442AC174EC00506846 = {
						CreatedOnToolsVersion = 14.3.1;
						TestTargetID = 5A70BA2E2AC174E600506846;
					};
					5A70BA4E2AC174EC00506846 = {
						CreatedOnToolsVersion = 14.3.1;
						TestTargetID = 5A70BA2E2AC174E600506846;
					};
				};
			};
			buildConfigurationList = 5A70BA2A2AC174E600506846 /* Build configuration list for PBXProject "Makgulli" */;
			compatibilityVersion = "Xcode 13.0";
			developmentRegion = en;
			hasScannedForEncodings = 0;
			knownRegions = (
				en,
				Base,
			);
			mainGroup = 5A70BA262AC174E600506846;
			packageReferences = (
				5A70BA642AC178E600506846 /* XCRemoteSwiftPackageReference "SnapKit" */,
				5A70BA672AC1795600506846 /* XCRemoteSwiftPackageReference "RxSwift" */,
				5A70BA6E2AC179A500506846 /* XCRemoteSwiftPackageReference "realm-swift" */,
				5A9DA1E32AC2B4DF006040D2 /* XCRemoteSwiftPackageReference "Alamofire" */,
			);
			productRefGroup = 5A70BA302AC174E600506846 /* Products */;
			projectDirPath = "";
			projectRoot = "";
			targets = (
				5A70BA2E2AC174E600506846 /* Makgulli */,
				5A70BA442AC174EC00506846 /* MakgulliTests */,
				5A70BA4E2AC174EC00506846 /* MakgulliUITests */,
			);
		};
/* End PBXProject section */

/* Begin PBXResourcesBuildPhase section */
		5A70BA2D2AC174E600506846 /* Resources */ = {
			isa = PBXResourcesBuildPhase;
			buildActionMask = 2147483647;
			files = (
				5A9DA1D12AC19A3F006040D2 /* LINESeedKR-Rg.otf in Resources */,
				5A70BA3F2AC174EC00506846 /* LaunchScreen.storyboard in Resources */,
				5A9DA1CF2AC19A3F006040D2 /* LINESeedKR-Bd.otf in Resources */,
				5A9DA1D02AC19A3F006040D2 /* LINESeedKR-Th.otf in Resources */,
				5A9DA1CA2AC1920A006040D2 /* NaverMaps.plist in Resources */,
				5A70BA3C2AC174EC00506846 /* Assets.xcassets in Resources */,
				5A9DA2142AC3DD0D006040D2 /* KakaoAPIKey.plist in Resources */,
			);
			runOnlyForDeploymentPostprocessing = 0;
		};
		5A70BA432AC174EC00506846 /* Resources */ = {
			isa = PBXResourcesBuildPhase;
			buildActionMask = 2147483647;
			files = (
			);
			runOnlyForDeploymentPostprocessing = 0;
		};
		5A70BA4D2AC174EC00506846 /* Resources */ = {
			isa = PBXResourcesBuildPhase;
			buildActionMask = 2147483647;
			files = (
			);
			runOnlyForDeploymentPostprocessing = 0;
		};
/* End PBXResourcesBuildPhase section */

/* Begin PBXShellScriptBuildPhase section */
		2F322F6F8F340F83E52FA724 /* [CP] Check Pods Manifest.lock */ = {
			isa = PBXShellScriptBuildPhase;
			buildActionMask = 2147483647;
			files = (
			);
			inputFileListPaths = (
			);
			inputPaths = (
				"${PODS_PODFILE_DIR_PATH}/Podfile.lock",
				"${PODS_ROOT}/Manifest.lock",
			);
			name = "[CP] Check Pods Manifest.lock";
			outputFileListPaths = (
			);
			outputPaths = (
				"$(DERIVED_FILE_DIR)/Pods-MakgulliTests-checkManifestLockResult.txt",
			);
			runOnlyForDeploymentPostprocessing = 0;
			shellPath = /bin/sh;
			shellScript = "diff \"${PODS_PODFILE_DIR_PATH}/Podfile.lock\" \"${PODS_ROOT}/Manifest.lock\" > /dev/null\nif [ $? != 0 ] ; then\n    # print error to STDERR\n    echo \"error: The sandbox is not in sync with the Podfile.lock. Run 'pod install' or update your CocoaPods installation.\" >&2\n    exit 1\nfi\n# This output is used by Xcode 'outputs' to avoid re-running this script phase.\necho \"SUCCESS\" > \"${SCRIPT_OUTPUT_FILE_0}\"\n";
			showEnvVarsInLog = 0;
		};
		5B67162CB0DB09E678549152 /* [CP] Check Pods Manifest.lock */ = {
			isa = PBXShellScriptBuildPhase;
			buildActionMask = 2147483647;
			files = (
			);
			inputFileListPaths = (
			);
			inputPaths = (
				"${PODS_PODFILE_DIR_PATH}/Podfile.lock",
				"${PODS_ROOT}/Manifest.lock",
			);
			name = "[CP] Check Pods Manifest.lock";
			outputFileListPaths = (
			);
			outputPaths = (
				"$(DERIVED_FILE_DIR)/Pods-Makgulli-checkManifestLockResult.txt",
			);
			runOnlyForDeploymentPostprocessing = 0;
			shellPath = /bin/sh;
			shellScript = "diff \"${PODS_PODFILE_DIR_PATH}/Podfile.lock\" \"${PODS_ROOT}/Manifest.lock\" > /dev/null\nif [ $? != 0 ] ; then\n    # print error to STDERR\n    echo \"error: The sandbox is not in sync with the Podfile.lock. Run 'pod install' or update your CocoaPods installation.\" >&2\n    exit 1\nfi\n# This output is used by Xcode 'outputs' to avoid re-running this script phase.\necho \"SUCCESS\" > \"${SCRIPT_OUTPUT_FILE_0}\"\n";
			showEnvVarsInLog = 0;
		};
		5D35DDBE5F5506EB25744EEF /* [CP] Embed Pods Frameworks */ = {
			isa = PBXShellScriptBuildPhase;
			buildActionMask = 2147483647;
			files = (
			);
			inputFileListPaths = (
				"${PODS_ROOT}/Target Support Files/Pods-Makgulli-MakgulliUITests/Pods-Makgulli-MakgulliUITests-frameworks-${CONFIGURATION}-input-files.xcfilelist",
			);
			name = "[CP] Embed Pods Frameworks";
			outputFileListPaths = (
				"${PODS_ROOT}/Target Support Files/Pods-Makgulli-MakgulliUITests/Pods-Makgulli-MakgulliUITests-frameworks-${CONFIGURATION}-output-files.xcfilelist",
			);
			runOnlyForDeploymentPostprocessing = 0;
			shellPath = /bin/sh;
			shellScript = "\"${PODS_ROOT}/Target Support Files/Pods-Makgulli-MakgulliUITests/Pods-Makgulli-MakgulliUITests-frameworks.sh\"\n";
			showEnvVarsInLog = 0;
		};
		C984B1E4B13FB59DB3836549 /* [CP] Check Pods Manifest.lock */ = {
			isa = PBXShellScriptBuildPhase;
			buildActionMask = 2147483647;
			files = (
			);
			inputFileListPaths = (
			);
			inputPaths = (
				"${PODS_PODFILE_DIR_PATH}/Podfile.lock",
				"${PODS_ROOT}/Manifest.lock",
			);
			name = "[CP] Check Pods Manifest.lock";
			outputFileListPaths = (
			);
			outputPaths = (
				"$(DERIVED_FILE_DIR)/Pods-Makgulli-MakgulliUITests-checkManifestLockResult.txt",
			);
			runOnlyForDeploymentPostprocessing = 0;
			shellPath = /bin/sh;
			shellScript = "diff \"${PODS_PODFILE_DIR_PATH}/Podfile.lock\" \"${PODS_ROOT}/Manifest.lock\" > /dev/null\nif [ $? != 0 ] ; then\n    # print error to STDERR\n    echo \"error: The sandbox is not in sync with the Podfile.lock. Run 'pod install' or update your CocoaPods installation.\" >&2\n    exit 1\nfi\n# This output is used by Xcode 'outputs' to avoid re-running this script phase.\necho \"SUCCESS\" > \"${SCRIPT_OUTPUT_FILE_0}\"\n";
			showEnvVarsInLog = 0;
		};
		E889CEAF9F61E3A48B4D8D69 /* [CP] Embed Pods Frameworks */ = {
			isa = PBXShellScriptBuildPhase;
			buildActionMask = 2147483647;
			files = (
			);
			inputFileListPaths = (
				"${PODS_ROOT}/Target Support Files/Pods-Makgulli/Pods-Makgulli-frameworks-${CONFIGURATION}-input-files.xcfilelist",
			);
			name = "[CP] Embed Pods Frameworks";
			outputFileListPaths = (
				"${PODS_ROOT}/Target Support Files/Pods-Makgulli/Pods-Makgulli-frameworks-${CONFIGURATION}-output-files.xcfilelist",
			);
			runOnlyForDeploymentPostprocessing = 0;
			shellPath = /bin/sh;
			shellScript = "\"${PODS_ROOT}/Target Support Files/Pods-Makgulli/Pods-Makgulli-frameworks.sh\"\n";
			showEnvVarsInLog = 0;
		};
/* End PBXShellScriptBuildPhase section */

/* Begin PBXSourcesBuildPhase section */
		5A70BA2B2AC174E600506846 /* Sources */ = {
			isa = PBXSourcesBuildPhase;
			buildActionMask = 2147483647;
			files = (
				5A70BA332AC174E600506846 /* AppDelegate.swift in Sources */,
				5A9DA2012AC3C227006040D2 /* SearchLocationVO.swift in Sources */,
				5A9DA1DE2AC1A393006040D2 /* MetricLiteral.swift in Sources */,
				5A9DA20C2AC3D6E5006040D2 /* LocationViewModel.swift in Sources */,
				5A9DA21C2AC415EF006040D2 /* ViewSetupable.swift in Sources */,
				5A9DA1E92AC2B703006040D2 /* HeaderType.swift in Sources */,
				5A9DA1ED2AC2BBFE006040D2 /* URLConstants.swift in Sources */,
				5A9DA1DC2AC1A378006040D2 /* DesignLiteral.swift in Sources */,
				5A9DA1C82AC19119006040D2 /* Bundle+.swift in Sources */,
				5A9DA1DA2AC1A2AA006040D2 /* StringLiteral.swift in Sources */,
				5A9DA2122AC3DB5E006040D2 /* RxViewController+.swift in Sources */,
				5A9DA1FE2AC3B070006040D2 /* Encodable+.swift in Sources */,
				5A9DA2072AC3CC7F006040D2 /* SearchLocationUseCase.swift in Sources */,
				5A9DA1E72AC2B4F2006040D2 /* TargetType.swift in Sources */,
				5A9DA20F2AC3D739006040D2 /* ViewModelType.swift in Sources */,
				5A9DA2052AC3CABB006040D2 /* LocationUseCase.swift in Sources */,
				5A9DA1F22AC2F39C006040D2 /* SearchLocationDTO.swift in Sources */,
				5A9DA1D32AC19AFB006040D2 /* UIFont+.swift in Sources */,
				5A9DA1EB2AC2B74B006040D2 /* Task.swift in Sources */,
				5A9DA20A2AC3CE9F006040D2 /* SearchLocationRepository.swift in Sources */,
				5A9DA1F62AC2F51C006040D2 /* LocationAPI.swift in Sources */,
				5A9DA1D82AC1A1F2006040D2 /* ImageLiteral.swift in Sources */,
				5A70BA352AC174E600506846 /* SceneDelegate.swift in Sources */,
				5A9DA1FC2AC2FD00006040D2 /* DefaultSearchLocationRepository.swift in Sources */,
				5A9DA1EF2AC2C169006040D2 /* NetworkManager.swift in Sources */,
				5A70BA632AC1788E00506846 /* LocationViewController.swift in Sources */,
				5A9DA1F92AC2F79D006040D2 /* SearchLocationReqeustDTO.swift in Sources */,
				5A9DA21E2AC419D5006040D2 /* LocationView.swift in Sources */,
				5A9DA2172AC3F629006040D2 /* LocationService.swift in Sources */,
				5A9DA1D52AC19D30006040D2 /* UIColor+.swift in Sources */,
				5A9DA21A2AC415C5006040D2 /* BaseViewController.swift in Sources */,
				5A9DA2202AC41A19006040D2 /* BaseView.swift in Sources */,
			);
			runOnlyForDeploymentPostprocessing = 0;
		};
		5A70BA412AC174EC00506846 /* Sources */ = {
			isa = PBXSourcesBuildPhase;
			buildActionMask = 2147483647;
			files = (
				5A70BA4A2AC174EC00506846 /* MakgulliTests.swift in Sources */,
			);
			runOnlyForDeploymentPostprocessing = 0;
		};
		5A70BA4B2AC174EC00506846 /* Sources */ = {
			isa = PBXSourcesBuildPhase;
			buildActionMask = 2147483647;
			files = (
				5A70BA562AC174EC00506846 /* MakgulliUITestsLaunchTests.swift in Sources */,
				5A70BA542AC174EC00506846 /* MakgulliUITests.swift in Sources */,
			);
			runOnlyForDeploymentPostprocessing = 0;
		};
/* End PBXSourcesBuildPhase section */

/* Begin PBXTargetDependency section */
		5A70BA472AC174EC00506846 /* PBXTargetDependency */ = {
			isa = PBXTargetDependency;
			target = 5A70BA2E2AC174E600506846 /* Makgulli */;
			targetProxy = 5A70BA462AC174EC00506846 /* PBXContainerItemProxy */;
		};
		5A70BA512AC174EC00506846 /* PBXTargetDependency */ = {
			isa = PBXTargetDependency;
			target = 5A70BA2E2AC174E600506846 /* Makgulli */;
			targetProxy = 5A70BA502AC174EC00506846 /* PBXContainerItemProxy */;
		};
/* End PBXTargetDependency section */

/* Begin PBXVariantGroup section */
		5A70BA3D2AC174EC00506846 /* LaunchScreen.storyboard */ = {
			isa = PBXVariantGroup;
			children = (
				5A70BA3E2AC174EC00506846 /* Base */,
			);
			name = LaunchScreen.storyboard;
			sourceTree = "<group>";
		};
/* End PBXVariantGroup section */

/* Begin XCBuildConfiguration section */
		5A70BA572AC174EC00506846 /* Debug */ = {
			isa = XCBuildConfiguration;
			buildSettings = {
				ALWAYS_SEARCH_USER_PATHS = NO;
				CLANG_ANALYZER_NONNULL = YES;
				CLANG_ANALYZER_NUMBER_OBJECT_CONVERSION = YES_AGGRESSIVE;
				CLANG_CXX_LANGUAGE_STANDARD = "gnu++20";
				CLANG_ENABLE_MODULES = YES;
				CLANG_ENABLE_OBJC_ARC = YES;
				CLANG_ENABLE_OBJC_WEAK = YES;
				CLANG_WARN_BLOCK_CAPTURE_AUTORELEASING = YES;
				CLANG_WARN_BOOL_CONVERSION = YES;
				CLANG_WARN_COMMA = YES;
				CLANG_WARN_CONSTANT_CONVERSION = YES;
				CLANG_WARN_DEPRECATED_OBJC_IMPLEMENTATIONS = YES;
				CLANG_WARN_DIRECT_OBJC_ISA_USAGE = YES_ERROR;
				CLANG_WARN_DOCUMENTATION_COMMENTS = YES;
				CLANG_WARN_EMPTY_BODY = YES;
				CLANG_WARN_ENUM_CONVERSION = YES;
				CLANG_WARN_INFINITE_RECURSION = YES;
				CLANG_WARN_INT_CONVERSION = YES;
				CLANG_WARN_NON_LITERAL_NULL_CONVERSION = YES;
				CLANG_WARN_OBJC_IMPLICIT_RETAIN_SELF = YES;
				CLANG_WARN_OBJC_LITERAL_CONVERSION = YES;
				CLANG_WARN_OBJC_ROOT_CLASS = YES_ERROR;
				CLANG_WARN_QUOTED_INCLUDE_IN_FRAMEWORK_HEADER = YES;
				CLANG_WARN_RANGE_LOOP_ANALYSIS = YES;
				CLANG_WARN_STRICT_PROTOTYPES = YES;
				CLANG_WARN_SUSPICIOUS_MOVE = YES;
				CLANG_WARN_UNGUARDED_AVAILABILITY = YES_AGGRESSIVE;
				CLANG_WARN_UNREACHABLE_CODE = YES;
				CLANG_WARN__DUPLICATE_METHOD_MATCH = YES;
				COPY_PHASE_STRIP = NO;
				DEBUG_INFORMATION_FORMAT = dwarf;
				ENABLE_STRICT_OBJC_MSGSEND = YES;
				ENABLE_TESTABILITY = YES;
				GCC_C_LANGUAGE_STANDARD = gnu11;
				GCC_DYNAMIC_NO_PIC = NO;
				GCC_NO_COMMON_BLOCKS = YES;
				GCC_OPTIMIZATION_LEVEL = 0;
				GCC_PREPROCESSOR_DEFINITIONS = (
					"DEBUG=1",
					"$(inherited)",
				);
				GCC_WARN_64_TO_32_BIT_CONVERSION = YES;
				GCC_WARN_ABOUT_RETURN_TYPE = YES_ERROR;
				GCC_WARN_UNDECLARED_SELECTOR = YES;
				GCC_WARN_UNINITIALIZED_AUTOS = YES_AGGRESSIVE;
				GCC_WARN_UNUSED_FUNCTION = YES;
				GCC_WARN_UNUSED_VARIABLE = YES;
				IPHONEOS_DEPLOYMENT_TARGET = 15.5;
				MTL_ENABLE_DEBUG_INFO = INCLUDE_SOURCE;
				MTL_FAST_MATH = YES;
				ONLY_ACTIVE_ARCH = YES;
				SDKROOT = iphoneos;
				SWIFT_ACTIVE_COMPILATION_CONDITIONS = DEBUG;
				SWIFT_OPTIMIZATION_LEVEL = "-Onone";
			};
			name = Debug;
		};
		5A70BA582AC174EC00506846 /* Release */ = {
			isa = XCBuildConfiguration;
			buildSettings = {
				ALWAYS_SEARCH_USER_PATHS = NO;
				CLANG_ANALYZER_NONNULL = YES;
				CLANG_ANALYZER_NUMBER_OBJECT_CONVERSION = YES_AGGRESSIVE;
				CLANG_CXX_LANGUAGE_STANDARD = "gnu++20";
				CLANG_ENABLE_MODULES = YES;
				CLANG_ENABLE_OBJC_ARC = YES;
				CLANG_ENABLE_OBJC_WEAK = YES;
				CLANG_WARN_BLOCK_CAPTURE_AUTORELEASING = YES;
				CLANG_WARN_BOOL_CONVERSION = YES;
				CLANG_WARN_COMMA = YES;
				CLANG_WARN_CONSTANT_CONVERSION = YES;
				CLANG_WARN_DEPRECATED_OBJC_IMPLEMENTATIONS = YES;
				CLANG_WARN_DIRECT_OBJC_ISA_USAGE = YES_ERROR;
				CLANG_WARN_DOCUMENTATION_COMMENTS = YES;
				CLANG_WARN_EMPTY_BODY = YES;
				CLANG_WARN_ENUM_CONVERSION = YES;
				CLANG_WARN_INFINITE_RECURSION = YES;
				CLANG_WARN_INT_CONVERSION = YES;
				CLANG_WARN_NON_LITERAL_NULL_CONVERSION = YES;
				CLANG_WARN_OBJC_IMPLICIT_RETAIN_SELF = YES;
				CLANG_WARN_OBJC_LITERAL_CONVERSION = YES;
				CLANG_WARN_OBJC_ROOT_CLASS = YES_ERROR;
				CLANG_WARN_QUOTED_INCLUDE_IN_FRAMEWORK_HEADER = YES;
				CLANG_WARN_RANGE_LOOP_ANALYSIS = YES;
				CLANG_WARN_STRICT_PROTOTYPES = YES;
				CLANG_WARN_SUSPICIOUS_MOVE = YES;
				CLANG_WARN_UNGUARDED_AVAILABILITY = YES_AGGRESSIVE;
				CLANG_WARN_UNREACHABLE_CODE = YES;
				CLANG_WARN__DUPLICATE_METHOD_MATCH = YES;
				COPY_PHASE_STRIP = NO;
				DEBUG_INFORMATION_FORMAT = "dwarf-with-dsym";
				ENABLE_NS_ASSERTIONS = NO;
				ENABLE_STRICT_OBJC_MSGSEND = YES;
				GCC_C_LANGUAGE_STANDARD = gnu11;
				GCC_NO_COMMON_BLOCKS = YES;
				GCC_WARN_64_TO_32_BIT_CONVERSION = YES;
				GCC_WARN_ABOUT_RETURN_TYPE = YES_ERROR;
				GCC_WARN_UNDECLARED_SELECTOR = YES;
				GCC_WARN_UNINITIALIZED_AUTOS = YES_AGGRESSIVE;
				GCC_WARN_UNUSED_FUNCTION = YES;
				GCC_WARN_UNUSED_VARIABLE = YES;
				IPHONEOS_DEPLOYMENT_TARGET = 15.5;
				MTL_ENABLE_DEBUG_INFO = NO;
				MTL_FAST_MATH = YES;
				SDKROOT = iphoneos;
				SWIFT_COMPILATION_MODE = wholemodule;
				SWIFT_OPTIMIZATION_LEVEL = "-O";
				VALIDATE_PRODUCT = YES;
			};
			name = Release;
		};
		5A70BA5A2AC174EC00506846 /* Debug */ = {
			isa = XCBuildConfiguration;
			baseConfigurationReference = F42A819738E82936BB69AC5F /* Pods-Makgulli.debug.xcconfig */;
			buildSettings = {
				ASSETCATALOG_COMPILER_APPICON_NAME = AppIcon;
				ASSETCATALOG_COMPILER_GLOBAL_ACCENT_COLOR_NAME = AccentColor;
				CODE_SIGN_STYLE = Automatic;
				CURRENT_PROJECT_VERSION = 1;
				DEVELOPMENT_TEAM = 8LJ2P85FNV;
				GENERATE_INFOPLIST_FILE = YES;
				INFOPLIST_FILE = Makgulli/Common/Resource/Info.plist;
				INFOPLIST_KEY_UIApplicationSupportsIndirectInputEvents = YES;
				INFOPLIST_KEY_UILaunchStoryboardName = LaunchScreen;
				INFOPLIST_KEY_UIMainStoryboardFile = "";
				INFOPLIST_KEY_UIStatusBarStyle = "";
				INFOPLIST_KEY_UISupportedInterfaceOrientations = UIInterfaceOrientationPortrait;
				INFOPLIST_KEY_UISupportedInterfaceOrientations_iPad = "UIInterfaceOrientationLandscapeLeft UIInterfaceOrientationLandscapeRight UIInterfaceOrientationPortrait UIInterfaceOrientationPortraitUpsideDown";
				IPHONEOS_DEPLOYMENT_TARGET = 15.5;
				LD_RUNPATH_SEARCH_PATHS = (
					"$(inherited)",
					"@executable_path/Frameworks",
				);
				MARKETING_VERSION = 1.0;
				PRODUCT_BUNDLE_IDENTIFIER = com.ios.Makgulli;
				PRODUCT_NAME = "$(TARGET_NAME)";
				SUPPORTED_PLATFORMS = "iphoneos iphonesimulator";
				SUPPORTS_MACCATALYST = NO;
				SUPPORTS_MAC_DESIGNED_FOR_IPHONE_IPAD = NO;
				SWIFT_EMIT_LOC_STRINGS = YES;
				SWIFT_VERSION = 5.0;
				TARGETED_DEVICE_FAMILY = 1;
			};
			name = Debug;
		};
		5A70BA5B2AC174EC00506846 /* Release */ = {
			isa = XCBuildConfiguration;
			baseConfigurationReference = 463D854F776FDADD2658D9BD /* Pods-Makgulli.release.xcconfig */;
			buildSettings = {
				ASSETCATALOG_COMPILER_APPICON_NAME = AppIcon;
				ASSETCATALOG_COMPILER_GLOBAL_ACCENT_COLOR_NAME = AccentColor;
				CODE_SIGN_STYLE = Automatic;
				CURRENT_PROJECT_VERSION = 1;
				DEVELOPMENT_TEAM = 8LJ2P85FNV;
				GENERATE_INFOPLIST_FILE = YES;
				INFOPLIST_FILE = Makgulli/Common/Resource/Info.plist;
				INFOPLIST_KEY_UIApplicationSupportsIndirectInputEvents = YES;
				INFOPLIST_KEY_UILaunchStoryboardName = LaunchScreen;
				INFOPLIST_KEY_UIMainStoryboardFile = "";
				INFOPLIST_KEY_UIStatusBarStyle = "";
				INFOPLIST_KEY_UISupportedInterfaceOrientations = UIInterfaceOrientationPortrait;
				INFOPLIST_KEY_UISupportedInterfaceOrientations_iPad = "UIInterfaceOrientationLandscapeLeft UIInterfaceOrientationLandscapeRight UIInterfaceOrientationPortrait UIInterfaceOrientationPortraitUpsideDown";
				IPHONEOS_DEPLOYMENT_TARGET = 15.5;
				LD_RUNPATH_SEARCH_PATHS = (
					"$(inherited)",
					"@executable_path/Frameworks",
				);
				MARKETING_VERSION = 1.0;
				PRODUCT_BUNDLE_IDENTIFIER = com.ios.Makgulli;
				PRODUCT_NAME = "$(TARGET_NAME)";
				SUPPORTED_PLATFORMS = "iphoneos iphonesimulator";
				SUPPORTS_MACCATALYST = NO;
				SUPPORTS_MAC_DESIGNED_FOR_IPHONE_IPAD = NO;
				SWIFT_EMIT_LOC_STRINGS = YES;
				SWIFT_VERSION = 5.0;
				TARGETED_DEVICE_FAMILY = 1;
			};
			name = Release;
		};
		5A70BA5D2AC174EC00506846 /* Debug */ = {
			isa = XCBuildConfiguration;
			baseConfigurationReference = E264EB7DCC1E4513F31412DC /* Pods-MakgulliTests.debug.xcconfig */;
			buildSettings = {
				ALWAYS_EMBED_SWIFT_STANDARD_LIBRARIES = YES;
				BUNDLE_LOADER = "$(TEST_HOST)";
				CODE_SIGN_STYLE = Automatic;
				CURRENT_PROJECT_VERSION = 1;
				DEVELOPMENT_TEAM = 8LJ2P85FNV;
				GENERATE_INFOPLIST_FILE = YES;
				IPHONEOS_DEPLOYMENT_TARGET = 16.4;
				MARKETING_VERSION = 1.0;
				PRODUCT_BUNDLE_IDENTIFIER = com.ios.MakgulliTests;
				PRODUCT_NAME = "$(TARGET_NAME)";
				SWIFT_EMIT_LOC_STRINGS = NO;
				SWIFT_VERSION = 5.0;
				TARGETED_DEVICE_FAMILY = "1,2";
				TEST_HOST = "$(BUILT_PRODUCTS_DIR)/Makgulli.app/$(BUNDLE_EXECUTABLE_FOLDER_PATH)/Makgulli";
			};
			name = Debug;
		};
		5A70BA5E2AC174EC00506846 /* Release */ = {
			isa = XCBuildConfiguration;
			baseConfigurationReference = 51419F2996E3155D102018C3 /* Pods-MakgulliTests.release.xcconfig */;
			buildSettings = {
				ALWAYS_EMBED_SWIFT_STANDARD_LIBRARIES = YES;
				BUNDLE_LOADER = "$(TEST_HOST)";
				CODE_SIGN_STYLE = Automatic;
				CURRENT_PROJECT_VERSION = 1;
				DEVELOPMENT_TEAM = 8LJ2P85FNV;
				GENERATE_INFOPLIST_FILE = YES;
				IPHONEOS_DEPLOYMENT_TARGET = 16.4;
				MARKETING_VERSION = 1.0;
				PRODUCT_BUNDLE_IDENTIFIER = com.ios.MakgulliTests;
				PRODUCT_NAME = "$(TARGET_NAME)";
				SWIFT_EMIT_LOC_STRINGS = NO;
				SWIFT_VERSION = 5.0;
				TARGETED_DEVICE_FAMILY = "1,2";
				TEST_HOST = "$(BUILT_PRODUCTS_DIR)/Makgulli.app/$(BUNDLE_EXECUTABLE_FOLDER_PATH)/Makgulli";
			};
			name = Release;
		};
		5A70BA602AC174EC00506846 /* Debug */ = {
			isa = XCBuildConfiguration;
			baseConfigurationReference = 7713D3C968EC5B7EA1CAC4B4 /* Pods-Makgulli-MakgulliUITests.debug.xcconfig */;
			buildSettings = {
				ALWAYS_EMBED_SWIFT_STANDARD_LIBRARIES = YES;
				CODE_SIGN_STYLE = Automatic;
				CURRENT_PROJECT_VERSION = 1;
				DEVELOPMENT_TEAM = 8LJ2P85FNV;
				GENERATE_INFOPLIST_FILE = YES;
				MARKETING_VERSION = 1.0;
				PRODUCT_BUNDLE_IDENTIFIER = com.ios.MakgulliUITests;
				PRODUCT_NAME = "$(TARGET_NAME)";
				SWIFT_EMIT_LOC_STRINGS = NO;
				SWIFT_VERSION = 5.0;
				TARGETED_DEVICE_FAMILY = "1,2";
				TEST_TARGET_NAME = Makgulli;
			};
			name = Debug;
		};
		5A70BA612AC174EC00506846 /* Release */ = {
			isa = XCBuildConfiguration;
			baseConfigurationReference = 629FCF6A48EC74CD51475DBD /* Pods-Makgulli-MakgulliUITests.release.xcconfig */;
			buildSettings = {
				ALWAYS_EMBED_SWIFT_STANDARD_LIBRARIES = YES;
				CODE_SIGN_STYLE = Automatic;
				CURRENT_PROJECT_VERSION = 1;
				DEVELOPMENT_TEAM = 8LJ2P85FNV;
				GENERATE_INFOPLIST_FILE = YES;
				MARKETING_VERSION = 1.0;
				PRODUCT_BUNDLE_IDENTIFIER = com.ios.MakgulliUITests;
				PRODUCT_NAME = "$(TARGET_NAME)";
				SWIFT_EMIT_LOC_STRINGS = NO;
				SWIFT_VERSION = 5.0;
				TARGETED_DEVICE_FAMILY = "1,2";
				TEST_TARGET_NAME = Makgulli;
			};
			name = Release;
		};
/* End XCBuildConfiguration section */

/* Begin XCConfigurationList section */
		5A70BA2A2AC174E600506846 /* Build configuration list for PBXProject "Makgulli" */ = {
			isa = XCConfigurationList;
			buildConfigurations = (
				5A70BA572AC174EC00506846 /* Debug */,
				5A70BA582AC174EC00506846 /* Release */,
			);
			defaultConfigurationIsVisible = 0;
			defaultConfigurationName = Release;
		};
		5A70BA592AC174EC00506846 /* Build configuration list for PBXNativeTarget "Makgulli" */ = {
			isa = XCConfigurationList;
			buildConfigurations = (
				5A70BA5A2AC174EC00506846 /* Debug */,
				5A70BA5B2AC174EC00506846 /* Release */,
			);
			defaultConfigurationIsVisible = 0;
			defaultConfigurationName = Release;
		};
		5A70BA5C2AC174EC00506846 /* Build configuration list for PBXNativeTarget "MakgulliTests" */ = {
			isa = XCConfigurationList;
			buildConfigurations = (
				5A70BA5D2AC174EC00506846 /* Debug */,
				5A70BA5E2AC174EC00506846 /* Release */,
			);
			defaultConfigurationIsVisible = 0;
			defaultConfigurationName = Release;
		};
		5A70BA5F2AC174EC00506846 /* Build configuration list for PBXNativeTarget "MakgulliUITests" */ = {
			isa = XCConfigurationList;
			buildConfigurations = (
				5A70BA602AC174EC00506846 /* Debug */,
				5A70BA612AC174EC00506846 /* Release */,
			);
			defaultConfigurationIsVisible = 0;
			defaultConfigurationName = Release;
		};
/* End XCConfigurationList section */

/* Begin XCRemoteSwiftPackageReference section */
		5A70BA642AC178E600506846 /* XCRemoteSwiftPackageReference "SnapKit" */ = {
			isa = XCRemoteSwiftPackageReference;
			repositoryURL = "https://github.com/SnapKit/SnapKit";
			requirement = {
				kind = upToNextMajorVersion;
				minimumVersion = 5.0.0;
			};
		};
		5A70BA672AC1795600506846 /* XCRemoteSwiftPackageReference "RxSwift" */ = {
			isa = XCRemoteSwiftPackageReference;
			repositoryURL = "https://github.com/ReactiveX/RxSwift";
			requirement = {
				kind = upToNextMajorVersion;
				minimumVersion = 6.0.0;
			};
		};
		5A70BA6E2AC179A500506846 /* XCRemoteSwiftPackageReference "realm-swift" */ = {
			isa = XCRemoteSwiftPackageReference;
			repositoryURL = "https://github.com/realm/realm-swift";
			requirement = {
				branch = master;
				kind = branch;
			};
		};
		5A9DA1E32AC2B4DF006040D2 /* XCRemoteSwiftPackageReference "Alamofire" */ = {
			isa = XCRemoteSwiftPackageReference;
			repositoryURL = "https://github.com/Alamofire/Alamofire";
			requirement = {
				kind = upToNextMajorVersion;
				minimumVersion = 5.0.0;
			};
		};
/* End XCRemoteSwiftPackageReference section */

/* Begin XCSwiftPackageProductDependency section */
		5A70BA652AC178E600506846 /* SnapKit */ = {
			isa = XCSwiftPackageProductDependency;
			package = 5A70BA642AC178E600506846 /* XCRemoteSwiftPackageReference "SnapKit" */;
			productName = SnapKit;
		};
		5A70BA682AC1795600506846 /* RxCocoa */ = {
			isa = XCSwiftPackageProductDependency;
			package = 5A70BA672AC1795600506846 /* XCRemoteSwiftPackageReference "RxSwift" */;
			productName = RxCocoa;
		};
		5A70BA6A2AC1795600506846 /* RxRelay */ = {
			isa = XCSwiftPackageProductDependency;
			package = 5A70BA672AC1795600506846 /* XCRemoteSwiftPackageReference "RxSwift" */;
			productName = RxRelay;
		};
		5A70BA6C2AC1795600506846 /* RxSwift */ = {
			isa = XCSwiftPackageProductDependency;
			package = 5A70BA672AC1795600506846 /* XCRemoteSwiftPackageReference "RxSwift" */;
			productName = RxSwift;
		};
		5A70BA6F2AC179A500506846 /* Realm */ = {
			isa = XCSwiftPackageProductDependency;
			package = 5A70BA6E2AC179A500506846 /* XCRemoteSwiftPackageReference "realm-swift" */;
			productName = Realm;
		};
		5A70BA712AC179A500506846 /* RealmSwift */ = {
			isa = XCSwiftPackageProductDependency;
			package = 5A70BA6E2AC179A500506846 /* XCRemoteSwiftPackageReference "realm-swift" */;
			productName = RealmSwift;
		};
		5A9DA1E42AC2B4DF006040D2 /* Alamofire */ = {
			isa = XCSwiftPackageProductDependency;
			package = 5A9DA1E32AC2B4DF006040D2 /* XCRemoteSwiftPackageReference "Alamofire" */;
			productName = Alamofire;
		};
/* End XCSwiftPackageProductDependency section */
	};
	rootObject = 5A70BA272AC174E600506846 /* Project object */;
}
